// !$*UTF8*$!
{
	archiveVersion = 1;
	classes = {
	};
	objectVersion = 46;
	objects = {

/* Begin PBXBuildFile section */
		6C23AD65ED86B332C367CF8C /* (null) in Frameworks */ = {isa = PBXBuildFile; };
		7C45B5F126167956BBDA2144 /* libPods.a in Frameworks */ = {isa = PBXBuildFile; fileRef = 0F782758D75200AB0BA9BB83 /* libPods.a */; };
		F10FCDFC1A8020EC0011CD62 /* ConnectionManager.swift in Sources */ = {isa = PBXBuildFile; fileRef = F10FCDFB1A8020EC0011CD62 /* ConnectionManager.swift */; };
		F113D1621B7CDD3A00325209 /* User.swift in Sources */ = {isa = PBXBuildFile; fileRef = F113D1611B7CDD3A00325209 /* User.swift */; };
		F113D1641B7CDD4C00325209 /* Gap.swift in Sources */ = {isa = PBXBuildFile; fileRef = F113D1631B7CDD4C00325209 /* Gap.swift */; };
		F113D1661B7CDD6200325209 /* Schedule.swift in Sources */ = {isa = PBXBuildFile; fileRef = F113D1651B7CDD6200325209 /* Schedule.swift */; };
		F113D1681B7CDDA000325209 /* Class.swift in Sources */ = {isa = PBXBuildFile; fileRef = F113D1671B7CDDA000325209 /* Class.swift */; };
		F113D16A1B7CDDEB00325209 /* DaySchedule.swift in Sources */ = {isa = PBXBuildFile; fileRef = F113D1691B7CDDEB00325209 /* DaySchedule.swift */; };
		F1179E681B9BA8CA00B04400 /* MainTabBarViewController.swift in Sources */ = {isa = PBXBuildFile; fileRef = F1179E671B9BA8CA00B04400 /* MainTabBarViewController.swift */; settings = {ASSET_TAGS = (); }; };
		F1179E6A1B9BB10C00B04400 /* FriendsViewController.swift in Sources */ = {isa = PBXBuildFile; fileRef = F1179E691B9BB10C00B04400 /* FriendsViewController.swift */; settings = {ASSET_TAGS = (); }; };
		F1179E6C1B9BB1E000B04400 /* AddFriendViewController.swift in Sources */ = {isa = PBXBuildFile; fileRef = F1179E6B1B9BB1E000B04400 /* AddFriendViewController.swift */; settings = {ASSET_TAGS = (); }; };
		F1179E6E1B9BB3F100B04400 /* InGapViewController.swift in Sources */ = {isa = PBXBuildFile; fileRef = F1179E6D1B9BB3F100B04400 /* InGapViewController.swift */; settings = {ASSET_TAGS = (); }; };
		F1179E701B9BB40800B04400 /* ProfileViewController.swift in Sources */ = {isa = PBXBuildFile; fileRef = F1179E6F1B9BB40800B04400 /* ProfileViewController.swift */; settings = {ASSET_TAGS = (); }; };
		F119309E1BB7AFD70031EB58 /* UIImage+ImageEffects.m in Sources */ = {isa = PBXBuildFile; fileRef = F119309D1BB7AFD70031EB58 /* UIImage+ImageEffects.m */; settings = {ASSET_TAGS = (); }; };
		F11930A01BB84B570031EB58 /* ViewQRViewController.swift in Sources */ = {isa = PBXBuildFile; fileRef = F119309F1BB84B570031EB58 /* ViewQRViewController.swift */; settings = {ASSET_TAGS = (); }; };
		F11B01D71BA520BB00ADD580 /* ScheduleCalendarViewController.swift in Sources */ = {isa = PBXBuildFile; fileRef = F11B01D61BA520BB00ADD580 /* ScheduleCalendarViewController.swift */; settings = {ASSET_TAGS = (); }; };
		F11B02001BA5226A00ADD580 /* MapKit.framework in Frameworks */ = {isa = PBXBuildFile; fileRef = F11B01FF1BA5226A00ADD580 /* MapKit.framework */; };
		F11B02021BA5226F00ADD580 /* QuartzCore.framework in Frameworks */ = {isa = PBXBuildFile; fileRef = F11B02011BA5226F00ADD580 /* QuartzCore.framework */; };
		F11B02361BA5241200ADD580 /* TKCalendarDayEventView.m in Sources */ = {isa = PBXBuildFile; fileRef = F11B02311BA5241200ADD580 /* TKCalendarDayEventView.m */; settings = {ASSET_TAGS = (); }; };
		F11B02371BA5241200ADD580 /* TKCalendarDayView.m in Sources */ = {isa = PBXBuildFile; fileRef = F11B02331BA5241200ADD580 /* TKCalendarDayView.m */; settings = {ASSET_TAGS = (); }; };
		F11B02381BA5241200ADD580 /* TKCalendarDayViewController.m in Sources */ = {isa = PBXBuildFile; fileRef = F11B02351BA5241200ADD580 /* TKCalendarDayViewController.m */; settings = {ASSET_TAGS = (); }; };
		F11B034E1BA52B5600ADD580 /* NSDate+TKCategory.m in Sources */ = {isa = PBXBuildFile; fileRef = F11B034D1BA52B5600ADD580 /* NSDate+TKCategory.m */; settings = {ASSET_TAGS = (); }; };
		F11B03511BA52B9D00ADD580 /* UIImage+TKCategory.m in Sources */ = {isa = PBXBuildFile; fileRef = F11B03501BA52B9D00ADD580 /* UIImage+TKCategory.m */; settings = {ASSET_TAGS = (); }; };
		F11B03541BA52BAD00ADD580 /* TKGlobal.m in Sources */ = {isa = PBXBuildFile; fileRef = F11B03531BA52BAD00ADD580 /* TKGlobal.m */; settings = {ASSET_TAGS = (); }; };
		F11B03571BA52BB400ADD580 /* TKGradientView.m in Sources */ = {isa = PBXBuildFile; fileRef = F11B03561BA52BB400ADD580 /* TKGradientView.m */; settings = {ASSET_TAGS = (); }; };
		F11B035C1BA52BBE00ADD580 /* UIColor+TKCategory.m in Sources */ = {isa = PBXBuildFile; fileRef = F11B03591BA52BBE00ADD580 /* UIColor+TKCategory.m */; settings = {ASSET_TAGS = (); }; };
		F11B035D1BA52BBE00ADD580 /* UIDevice+TKCategory.m in Sources */ = {isa = PBXBuildFile; fileRef = F11B035B1BA52BBE00ADD580 /* UIDevice+TKCategory.m */; settings = {ASSET_TAGS = (); }; };
		F11B03601BA52BCA00ADD580 /* UIView+TKCategory.m in Sources */ = {isa = PBXBuildFile; fileRef = F11B035F1BA52BCA00ADD580 /* UIView+TKCategory.m */; settings = {ASSET_TAGS = (); }; };
		F11B03631BA52BD200ADD580 /* UIScreen+TKCategory.m in Sources */ = {isa = PBXBuildFile; fileRef = F11B03621BA52BD200ADD580 /* UIScreen+TKCategory.m */; settings = {ASSET_TAGS = (); }; };
		F11B03661BA52BD900ADD580 /* UILabel+TKCategory.m in Sources */ = {isa = PBXBuildFile; fileRef = F11B03651BA52BD900ADD580 /* UILabel+TKCategory.m */; settings = {ASSET_TAGS = (); }; };
		F11B03681BA5334C00ADD580 /* ScheduleViewController.swift in Sources */ = {isa = PBXBuildFile; fileRef = F11B03671BA5334C00ADD580 /* ScheduleViewController.swift */; settings = {ASSET_TAGS = (); }; };
		F11D6FA41BA3BE1500206B9A /* Colors.swift in Sources */ = {isa = PBXBuildFile; fileRef = F11D6FA31BA3BE1500206B9A /* Colors.swift */; settings = {ASSET_TAGS = (); }; };
		F11E73411B94A6A000D3D3FA /* AddFriendByQRViewController.swift in Sources */ = {isa = PBXBuildFile; fileRef = F11E73401B94A6A000D3D3FA /* AddFriendByQRViewController.swift */; };
		F1229BDC1A74947200C4FDE2 /* AppDelegate.swift in Sources */ = {isa = PBXBuildFile; fileRef = F1229BDB1A74947200C4FDE2 /* AppDelegate.swift */; };
		F1229BF51A74947200C4FDE2 /* enHuecoTests.swift in Sources */ = {isa = PBXBuildFile; fileRef = F1229BF41A74947200C4FDE2 /* enHuecoTests.swift */; };
		F1229C421A7495A200C4FDE2 /* LaunchScreen.xib in Resources */ = {isa = PBXBuildFile; fileRef = F1229C241A7495A200C4FDE2 /* LaunchScreen.xib */; };
		F1229C431A7495A200C4FDE2 /* Main.storyboard in Resources */ = {isa = PBXBuildFile; fileRef = F1229C261A7495A200C4FDE2 /* Main.storyboard */; };
		F1229C441A7495A200C4FDE2 /* Default-568h@2x.png in Resources */ = {isa = PBXBuildFile; fileRef = F1229C281A7495A200C4FDE2 /* Default-568h@2x.png */; };
		F1229C451A7495A200C4FDE2 /* EnHuecoNowCollectionViewCell.swift in Sources */ = {isa = PBXBuildFile; fileRef = F1229C291A7495A200C4FDE2 /* EnHuecoNowCollectionViewCell.swift */; };
		F1229C461A7495A200C4FDE2 /* FriendsCell.swift in Sources */ = {isa = PBXBuildFile; fileRef = F1229C2A1A7495A200C4FDE2 /* FriendsCell.swift */; };
		F1229C471A7495A200C4FDE2 /* Images.xcassets in Resources */ = {isa = PBXBuildFile; fileRef = F1229C2B1A7495A200C4FDE2 /* Images.xcassets */; };
		F1229C4F1A7495A200C4FDE2 /* GlobalConstants.swift in Sources */ = {isa = PBXBuildFile; fileRef = F1229C351A7495A200C4FDE2 /* GlobalConstants.swift */; };
		F134AE5E1A800BB200E6E9AB /* EHURLS.swift in Sources */ = {isa = PBXBuildFile; fileRef = F134AE5D1A800BB200E6E9AB /* EHURLS.swift */; };
		F14A72BD1BA3786700D70BD1 /* AutoCoding in Resources */ = {isa = PBXBuildFile; fileRef = F14A72BC1BA3786700D70BD1 /* AutoCoding */; settings = {ASSET_TAGS = (); }; };
		F165BC4B1BC6060600AA9248 /* SearchFriendCell.swift in Sources */ = {isa = PBXBuildFile; fileRef = F165BC4A1BC6060600AA9248 /* SearchFriendCell.swift */; settings = {ASSET_TAGS = (); }; };
		F165BC4D1BC6066400AA9248 /* SearchFriendViewController.swift in Sources */ = {isa = PBXBuildFile; fileRef = F165BC4C1BC6066400AA9248 /* SearchFriendViewController.swift */; settings = {ASSET_TAGS = (); }; };
		F165BC4F1BC611A200AA9248 /* FriendRequestsViewController.swift in Sources */ = {isa = PBXBuildFile; fileRef = F165BC4E1BC611A200AA9248 /* FriendRequestsViewController.swift */; settings = {ASSET_TAGS = (); }; };
		F165BC511BC6123400AA9248 /* IncomingFriendRequestCell.swift in Sources */ = {isa = PBXBuildFile; fileRef = F165BC501BC6123400AA9248 /* IncomingFriendRequestCell.swift */; settings = {ASSET_TAGS = (); }; };
		F165BC531BC613E900AA9248 /* OutgoingFriendRequestCell.swift in Sources */ = {isa = PBXBuildFile; fileRef = F165BC521BC613E900AA9248 /* OutgoingFriendRequestCell.swift */; settings = {ASSET_TAGS = (); }; };
		F16C613B1BB222EF00703782 /* Event.swift in Sources */ = {isa = PBXBuildFile; fileRef = F16C613A1BB222EF00703782 /* Event.swift */; settings = {ASSET_TAGS = (); }; };
		F16C613F1BB30A0100703782 /* UIView+Shadow.m in Sources */ = {isa = PBXBuildFile; fileRef = F16C613E1BB30A0100703782 /* UIView+Shadow.m */; settings = {ASSET_TAGS = (); }; };
		F1827F701BC35E08002ECB64 /* SynchronizationManager.swift in Sources */ = {isa = PBXBuildFile; fileRef = F1827F6F1BC35E08002ECB64 /* SynchronizationManager.swift */; settings = {ASSET_TAGS = (); }; };
		F184D2691BA4F54E00D6129F /* SelectCalendarViewController.swift in Sources */ = {isa = PBXBuildFile; fileRef = F184D2681BA4F54E00D6129F /* SelectCalendarViewController.swift */; settings = {ASSET_TAGS = (); }; };
		F197BFD31BAA043E00DEDE0D /* EHSynchronizable.swift in Sources */ = {isa = PBXBuildFile; fileRef = F197BFD21BAA043E00DEDE0D /* EHSynchronizable.swift */; settings = {ASSET_TAGS = (); }; };
		F1B343661B9BBFAE00EED205 /* CIColorExtension.swift in Sources */ = {isa = PBXBuildFile; fileRef = F1B343611B9BBFAE00EED205 /* CIColorExtension.swift */; settings = {ASSET_TAGS = (); }; };
		F1B343671B9BBFAE00EED205 /* Info.plist in Resources */ = {isa = PBXBuildFile; fileRef = F1B343621B9BBFAE00EED205 /* Info.plist */; settings = {ASSET_TAGS = (); }; };
		F1B343681B9BBFAE00EED205 /* QRCode.swift in Sources */ = {isa = PBXBuildFile; fileRef = F1B343641B9BBFAE00EED205 /* QRCode.swift */; settings = {ASSET_TAGS = (); }; };
		F1B343691B9BBFAE00EED205 /* UIImageViewExtension.swift in Sources */ = {isa = PBXBuildFile; fileRef = F1B343651B9BBFAE00EED205 /* UIImageViewExtension.swift */; settings = {ASSET_TAGS = (); }; };
		F1BA03091B570AA200DEF9C5 /* LoginViewController.swift in Sources */ = {isa = PBXBuildFile; fileRef = F1BA03081B570AA200DEF9C5 /* LoginViewController.swift */; };
		F1BA030B1B570BFC00DEF9C5 /* System.swift in Sources */ = {isa = PBXBuildFile; fileRef = F1BA030A1B570BFC00DEF9C5 /* System.swift */; };
		F1C598BC1A81C7220081DA9E /* AppUser.swift in Sources */ = {isa = PBXBuildFile; fileRef = F1C598BB1A81C7220081DA9E /* AppUser.swift */; };
		F1CA00BA1BB20CD90050D710 /* MultiSelectSegmentedControl.m in Sources */ = {isa = PBXBuildFile; fileRef = F1CA00B91BB20CD90050D710 /* MultiSelectSegmentedControl.m */; settings = {ASSET_TAGS = (); }; };
		F1EEBAF31B9931C90004291F /* globalStrings.strings in Resources */ = {isa = PBXBuildFile; fileRef = F1EEBAF21B9931C90004291F /* globalStrings.strings */; settings = {ASSET_TAGS = (); }; };
		F1F54B321B9CE1470087C30E /* InGapFriendCell.swift in Sources */ = {isa = PBXBuildFile; fileRef = F1F54B311B9CE1470087C30E /* InGapFriendCell.swift */; settings = {ASSET_TAGS = (); }; };
		F1F54B341B9D03340087C30E /* ExtensionsAndUtilities.swift in Sources */ = {isa = PBXBuildFile; fileRef = F1F54B331B9D03340087C30E /* ExtensionsAndUtilities.swift */; settings = {ASSET_TAGS = (); }; };
		F1FAFF9D1B9FBAFB00E8CCDD /* GapCell.swift in Sources */ = {isa = PBXBuildFile; fileRef = F1FAFF9C1B9FBAFB00E8CCDD /* GapCell.swift */; settings = {ASSET_TAGS = (); }; };
		F1FAFF9F1B9FBB8000E8CCDD /* GapsViewController.swift in Sources */ = {isa = PBXBuildFile; fileRef = F1FAFF9E1B9FBB8000E8CCDD /* GapsViewController.swift */; settings = {ASSET_TAGS = (); }; };
		F1FAFFA11B9FD49700E8CCDD /* AddViewGapViewController.swift in Sources */ = {isa = PBXBuildFile; fileRef = F1FAFFA01B9FD49700E8CCDD /* AddViewGapViewController.swift */; settings = {ASSET_TAGS = (); }; };
		F1FAFFA31B9FE28600E8CCDD /* FriendDetailViewController.swift in Sources */ = {isa = PBXBuildFile; fileRef = F1FAFFA21B9FE28600E8CCDD /* FriendDetailViewController.swift */; settings = {ASSET_TAGS = (); }; };
/* End PBXBuildFile section */

/* Begin PBXContainerItemProxy section */
		F1229BEF1A74947200C4FDE2 /* PBXContainerItemProxy */ = {
			isa = PBXContainerItemProxy;
			containerPortal = F1229BCE1A74947200C4FDE2 /* Project object */;
			proxyType = 1;
			remoteGlobalIDString = F1229BD51A74947200C4FDE2;
			remoteInfo = enHueco;
		};
/* End PBXContainerItemProxy section */

/* Begin PBXFileReference section */
		0B9D2A664916D69DF79667B4 /* Pods.release.xcconfig */ = {isa = PBXFileReference; includeInIndex = 1; lastKnownFileType = text.xcconfig; name = Pods.release.xcconfig; path = "Pods/Target Support Files/Pods/Pods.release.xcconfig"; sourceTree = "<group>"; };
		0F782758D75200AB0BA9BB83 /* libPods.a */ = {isa = PBXFileReference; explicitFileType = archive.ar; includeInIndex = 0; path = libPods.a; sourceTree = BUILT_PRODUCTS_DIR; };
		2D4B3B9D0DC94DB4A2EE2562 /* Pods.debug.xcconfig */ = {isa = PBXFileReference; includeInIndex = 1; lastKnownFileType = text.xcconfig; name = Pods.debug.xcconfig; path = "Pods/Target Support Files/Pods/Pods.debug.xcconfig"; sourceTree = "<group>"; };
		F10FCDF91A801EAD0011CD62 /* libPods-SwiftHTTP.a */ = {isa = PBXFileReference; lastKnownFileType = archive.ar; name = "libPods-SwiftHTTP.a"; path = "Pods/build/Debug-iphoneos/libPods-SwiftHTTP.a"; sourceTree = "<group>"; };
		F10FCDFB1A8020EC0011CD62 /* ConnectionManager.swift */ = {isa = PBXFileReference; fileEncoding = 4; lastKnownFileType = sourcecode.swift; name = ConnectionManager.swift; path = Other/ConnectionManager.swift; sourceTree = "<group>"; };
		F113D1611B7CDD3A00325209 /* User.swift */ = {isa = PBXFileReference; fileEncoding = 4; lastKnownFileType = sourcecode.swift; path = User.swift; sourceTree = "<group>"; };
		F113D1631B7CDD4C00325209 /* Gap.swift */ = {isa = PBXFileReference; fileEncoding = 4; lastKnownFileType = sourcecode.swift; path = Gap.swift; sourceTree = "<group>"; };
		F113D1651B7CDD6200325209 /* Schedule.swift */ = {isa = PBXFileReference; fileEncoding = 4; lastKnownFileType = sourcecode.swift; path = Schedule.swift; sourceTree = "<group>"; };
		F113D1671B7CDDA000325209 /* Class.swift */ = {isa = PBXFileReference; fileEncoding = 4; lastKnownFileType = sourcecode.swift; path = Class.swift; sourceTree = "<group>"; };
		F113D1691B7CDDEB00325209 /* DaySchedule.swift */ = {isa = PBXFileReference; fileEncoding = 4; lastKnownFileType = sourcecode.swift; path = DaySchedule.swift; sourceTree = "<group>"; };
		F1179E671B9BA8CA00B04400 /* MainTabBarViewController.swift */ = {isa = PBXFileReference; fileEncoding = 4; lastKnownFileType = sourcecode.swift; path = MainTabBarViewController.swift; sourceTree = "<group>"; };
		F1179E691B9BB10C00B04400 /* FriendsViewController.swift */ = {isa = PBXFileReference; fileEncoding = 4; lastKnownFileType = sourcecode.swift; path = FriendsViewController.swift; sourceTree = "<group>"; };
		F1179E6B1B9BB1E000B04400 /* AddFriendViewController.swift */ = {isa = PBXFileReference; fileEncoding = 4; lastKnownFileType = sourcecode.swift; path = AddFriendViewController.swift; sourceTree = "<group>"; };
		F1179E6D1B9BB3F100B04400 /* InGapViewController.swift */ = {isa = PBXFileReference; fileEncoding = 4; lastKnownFileType = sourcecode.swift; path = InGapViewController.swift; sourceTree = "<group>"; };
		F1179E6F1B9BB40800B04400 /* ProfileViewController.swift */ = {isa = PBXFileReference; fileEncoding = 4; lastKnownFileType = sourcecode.swift; path = ProfileViewController.swift; sourceTree = "<group>"; };
		F119309C1BB7AFD70031EB58 /* UIImage+ImageEffects.h */ = {isa = PBXFileReference; fileEncoding = 4; lastKnownFileType = sourcecode.c.h; path = "UIImage+ImageEffects.h"; sourceTree = "<group>"; };
		F119309D1BB7AFD70031EB58 /* UIImage+ImageEffects.m */ = {isa = PBXFileReference; fileEncoding = 4; lastKnownFileType = sourcecode.c.objc; path = "UIImage+ImageEffects.m"; sourceTree = "<group>"; };
		F119309F1BB84B570031EB58 /* ViewQRViewController.swift */ = {isa = PBXFileReference; fileEncoding = 4; lastKnownFileType = sourcecode.swift; path = ViewQRViewController.swift; sourceTree = "<group>"; };
		F11B01D61BA520BB00ADD580 /* ScheduleCalendarViewController.swift */ = {isa = PBXFileReference; fileEncoding = 4; lastKnownFileType = sourcecode.swift; path = ScheduleCalendarViewController.swift; sourceTree = "<group>"; };
		F11B01FF1BA5226A00ADD580 /* MapKit.framework */ = {isa = PBXFileReference; lastKnownFileType = wrapper.framework; name = MapKit.framework; path = System/Library/Frameworks/MapKit.framework; sourceTree = SDKROOT; };
		F11B02011BA5226F00ADD580 /* QuartzCore.framework */ = {isa = PBXFileReference; lastKnownFileType = wrapper.framework; name = QuartzCore.framework; path = System/Library/Frameworks/QuartzCore.framework; sourceTree = SDKROOT; };
		F11B02301BA5241200ADD580 /* TKCalendarDayEventView.h */ = {isa = PBXFileReference; fileEncoding = 4; lastKnownFileType = sourcecode.c.h; name = TKCalendarDayEventView.h; path = Tapku/TKCalendarDayEventView.h; sourceTree = "<group>"; };
		F11B02311BA5241200ADD580 /* TKCalendarDayEventView.m */ = {isa = PBXFileReference; fileEncoding = 4; lastKnownFileType = sourcecode.c.objc; name = TKCalendarDayEventView.m; path = Tapku/TKCalendarDayEventView.m; sourceTree = "<group>"; };
		F11B02321BA5241200ADD580 /* TKCalendarDayView.h */ = {isa = PBXFileReference; fileEncoding = 4; lastKnownFileType = sourcecode.c.h; name = TKCalendarDayView.h; path = Tapku/TKCalendarDayView.h; sourceTree = "<group>"; };
		F11B02331BA5241200ADD580 /* TKCalendarDayView.m */ = {isa = PBXFileReference; fileEncoding = 4; lastKnownFileType = sourcecode.c.objc; name = TKCalendarDayView.m; path = Tapku/TKCalendarDayView.m; sourceTree = "<group>"; };
		F11B02341BA5241200ADD580 /* TKCalendarDayViewController.h */ = {isa = PBXFileReference; fileEncoding = 4; lastKnownFileType = sourcecode.c.h; name = TKCalendarDayViewController.h; path = Tapku/TKCalendarDayViewController.h; sourceTree = "<group>"; };
		F11B02351BA5241200ADD580 /* TKCalendarDayViewController.m */ = {isa = PBXFileReference; fileEncoding = 4; lastKnownFileType = sourcecode.c.objc; name = TKCalendarDayViewController.m; path = Tapku/TKCalendarDayViewController.m; sourceTree = "<group>"; };
		F11B034C1BA52B5600ADD580 /* NSDate+TKCategory.h */ = {isa = PBXFileReference; fileEncoding = 4; lastKnownFileType = sourcecode.c.h; name = "NSDate+TKCategory.h"; path = "Tapku/Core/NSDate+TKCategory.h"; sourceTree = "<group>"; };
		F11B034D1BA52B5600ADD580 /* NSDate+TKCategory.m */ = {isa = PBXFileReference; fileEncoding = 4; lastKnownFileType = sourcecode.c.objc; name = "NSDate+TKCategory.m"; path = "Tapku/Core/NSDate+TKCategory.m"; sourceTree = "<group>"; };
		F11B034F1BA52B9D00ADD580 /* UIImage+TKCategory.h */ = {isa = PBXFileReference; fileEncoding = 4; lastKnownFileType = sourcecode.c.h; name = "UIImage+TKCategory.h"; path = "Tapku/Core/UIImage+TKCategory.h"; sourceTree = "<group>"; };
		F11B03501BA52B9D00ADD580 /* UIImage+TKCategory.m */ = {isa = PBXFileReference; fileEncoding = 4; lastKnownFileType = sourcecode.c.objc; name = "UIImage+TKCategory.m"; path = "Tapku/Core/UIImage+TKCategory.m"; sourceTree = "<group>"; };
		F11B03521BA52BAD00ADD580 /* TKGlobal.h */ = {isa = PBXFileReference; fileEncoding = 4; lastKnownFileType = sourcecode.c.h; name = TKGlobal.h; path = Tapku/Core/TKGlobal.h; sourceTree = "<group>"; };
		F11B03531BA52BAD00ADD580 /* TKGlobal.m */ = {isa = PBXFileReference; fileEncoding = 4; lastKnownFileType = sourcecode.c.objc; name = TKGlobal.m; path = Tapku/Core/TKGlobal.m; sourceTree = "<group>"; };
		F11B03551BA52BB400ADD580 /* TKGradientView.h */ = {isa = PBXFileReference; fileEncoding = 4; lastKnownFileType = sourcecode.c.h; name = TKGradientView.h; path = Tapku/Core/TKGradientView.h; sourceTree = "<group>"; };
		F11B03561BA52BB400ADD580 /* TKGradientView.m */ = {isa = PBXFileReference; fileEncoding = 4; lastKnownFileType = sourcecode.c.objc; name = TKGradientView.m; path = Tapku/Core/TKGradientView.m; sourceTree = "<group>"; };
		F11B03581BA52BBE00ADD580 /* UIColor+TKCategory.h */ = {isa = PBXFileReference; fileEncoding = 4; lastKnownFileType = sourcecode.c.h; name = "UIColor+TKCategory.h"; path = "Tapku/Core/UIColor+TKCategory.h"; sourceTree = "<group>"; };
		F11B03591BA52BBE00ADD580 /* UIColor+TKCategory.m */ = {isa = PBXFileReference; fileEncoding = 4; lastKnownFileType = sourcecode.c.objc; name = "UIColor+TKCategory.m"; path = "Tapku/Core/UIColor+TKCategory.m"; sourceTree = "<group>"; };
		F11B035A1BA52BBE00ADD580 /* UIDevice+TKCategory.h */ = {isa = PBXFileReference; fileEncoding = 4; lastKnownFileType = sourcecode.c.h; name = "UIDevice+TKCategory.h"; path = "Tapku/Core/UIDevice+TKCategory.h"; sourceTree = "<group>"; };
		F11B035B1BA52BBE00ADD580 /* UIDevice+TKCategory.m */ = {isa = PBXFileReference; fileEncoding = 4; lastKnownFileType = sourcecode.c.objc; name = "UIDevice+TKCategory.m"; path = "Tapku/Core/UIDevice+TKCategory.m"; sourceTree = "<group>"; };
		F11B035E1BA52BCA00ADD580 /* UIView+TKCategory.h */ = {isa = PBXFileReference; fileEncoding = 4; lastKnownFileType = sourcecode.c.h; name = "UIView+TKCategory.h"; path = "Tapku/Core/UIView+TKCategory.h"; sourceTree = "<group>"; };
		F11B035F1BA52BCA00ADD580 /* UIView+TKCategory.m */ = {isa = PBXFileReference; fileEncoding = 4; lastKnownFileType = sourcecode.c.objc; name = "UIView+TKCategory.m"; path = "Tapku/Core/UIView+TKCategory.m"; sourceTree = "<group>"; };
		F11B03611BA52BD200ADD580 /* UIScreen+TKCategory.h */ = {isa = PBXFileReference; fileEncoding = 4; lastKnownFileType = sourcecode.c.h; name = "UIScreen+TKCategory.h"; path = "Tapku/Core/UIScreen+TKCategory.h"; sourceTree = "<group>"; };
		F11B03621BA52BD200ADD580 /* UIScreen+TKCategory.m */ = {isa = PBXFileReference; fileEncoding = 4; lastKnownFileType = sourcecode.c.objc; name = "UIScreen+TKCategory.m"; path = "Tapku/Core/UIScreen+TKCategory.m"; sourceTree = "<group>"; };
		F11B03641BA52BD900ADD580 /* UILabel+TKCategory.h */ = {isa = PBXFileReference; fileEncoding = 4; lastKnownFileType = sourcecode.c.h; name = "UILabel+TKCategory.h"; path = "Tapku/Core/UILabel+TKCategory.h"; sourceTree = "<group>"; };
		F11B03651BA52BD900ADD580 /* UILabel+TKCategory.m */ = {isa = PBXFileReference; fileEncoding = 4; lastKnownFileType = sourcecode.c.objc; name = "UILabel+TKCategory.m"; path = "Tapku/Core/UILabel+TKCategory.m"; sourceTree = "<group>"; };
		F11B03671BA5334C00ADD580 /* ScheduleViewController.swift */ = {isa = PBXFileReference; fileEncoding = 4; lastKnownFileType = sourcecode.swift; path = ScheduleViewController.swift; sourceTree = "<group>"; };
		F11D6FA31BA3BE1500206B9A /* Colors.swift */ = {isa = PBXFileReference; fileEncoding = 4; lastKnownFileType = sourcecode.swift; path = Colors.swift; sourceTree = "<group>"; };
		F11E73401B94A6A000D3D3FA /* AddFriendByQRViewController.swift */ = {isa = PBXFileReference; fileEncoding = 4; lastKnownFileType = sourcecode.swift; path = AddFriendByQRViewController.swift; sourceTree = "<group>"; };
		F1229BD61A74947200C4FDE2 /* enHueco.app */ = {isa = PBXFileReference; explicitFileType = wrapper.application; includeInIndex = 0; path = enHueco.app; sourceTree = BUILT_PRODUCTS_DIR; };
		F1229BDA1A74947200C4FDE2 /* Info.plist */ = {isa = PBXFileReference; lastKnownFileType = text.plist.xml; path = Info.plist; sourceTree = "<group>"; };
		F1229BDB1A74947200C4FDE2 /* AppDelegate.swift */ = {isa = PBXFileReference; lastKnownFileType = sourcecode.swift; path = AppDelegate.swift; sourceTree = "<group>"; };
		F1229BEE1A74947200C4FDE2 /* enHuecoTests.xctest */ = {isa = PBXFileReference; explicitFileType = wrapper.cfbundle; includeInIndex = 0; path = enHuecoTests.xctest; sourceTree = BUILT_PRODUCTS_DIR; };
		F1229BF31A74947200C4FDE2 /* Info.plist */ = {isa = PBXFileReference; lastKnownFileType = text.plist.xml; path = Info.plist; sourceTree = "<group>"; };
		F1229BF41A74947200C4FDE2 /* enHuecoTests.swift */ = {isa = PBXFileReference; lastKnownFileType = sourcecode.swift; path = enHuecoTests.swift; sourceTree = "<group>"; };
		F1229C251A7495A200C4FDE2 /* Base */ = {isa = PBXFileReference; lastKnownFileType = file.xib; name = Base; path = Base.lproj/LaunchScreen.xib; sourceTree = "<group>"; };
		F1229C271A7495A200C4FDE2 /* Base */ = {isa = PBXFileReference; lastKnownFileType = file.storyboard; name = Base; path = Base.lproj/Main.storyboard; sourceTree = "<group>"; };
		F1229C281A7495A200C4FDE2 /* Default-568h@2x.png */ = {isa = PBXFileReference; lastKnownFileType = image.png; path = "Default-568h@2x.png"; sourceTree = "<group>"; };
		F1229C291A7495A200C4FDE2 /* EnHuecoNowCollectionViewCell.swift */ = {isa = PBXFileReference; fileEncoding = 4; lastKnownFileType = sourcecode.swift; path = EnHuecoNowCollectionViewCell.swift; sourceTree = "<group>"; };
		F1229C2A1A7495A200C4FDE2 /* FriendsCell.swift */ = {isa = PBXFileReference; fileEncoding = 4; lastKnownFileType = sourcecode.swift; path = FriendsCell.swift; sourceTree = "<group>"; };
		F1229C2B1A7495A200C4FDE2 /* Images.xcassets */ = {isa = PBXFileReference; lastKnownFileType = folder.assetcatalog; path = Images.xcassets; sourceTree = "<group>"; };
		F1229C351A7495A200C4FDE2 /* GlobalConstants.swift */ = {isa = PBXFileReference; fileEncoding = 4; lastKnownFileType = sourcecode.swift; name = GlobalConstants.swift; path = Other/GlobalConstants.swift; sourceTree = "<group>"; };
		F1229C361A7495A200C4FDE2 /* enHueco-Bridging-Header.h */ = {isa = PBXFileReference; fileEncoding = 4; lastKnownFileType = sourcecode.c.h; path = "enHueco-Bridging-Header.h"; sourceTree = "<group>"; };
		F134AE5D1A800BB200E6E9AB /* EHURLS.swift */ = {isa = PBXFileReference; fileEncoding = 4; lastKnownFileType = sourcecode.swift; name = EHURLS.swift; path = Other/EHURLS.swift; sourceTree = "<group>"; };
		F14A72BC1BA3786700D70BD1 /* AutoCoding */ = {isa = PBXFileReference; lastKnownFileType = folder; path = AutoCoding; sourceTree = "<group>"; };
		F165BC4A1BC6060600AA9248 /* SearchFriendCell.swift */ = {isa = PBXFileReference; fileEncoding = 4; lastKnownFileType = sourcecode.swift; path = SearchFriendCell.swift; sourceTree = "<group>"; };
		F165BC4C1BC6066400AA9248 /* SearchFriendViewController.swift */ = {isa = PBXFileReference; fileEncoding = 4; lastKnownFileType = sourcecode.swift; path = SearchFriendViewController.swift; sourceTree = "<group>"; };
		F165BC4E1BC611A200AA9248 /* FriendRequestsViewController.swift */ = {isa = PBXFileReference; fileEncoding = 4; lastKnownFileType = sourcecode.swift; path = FriendRequestsViewController.swift; sourceTree = "<group>"; };
		F165BC501BC6123400AA9248 /* IncomingFriendRequestCell.swift */ = {isa = PBXFileReference; fileEncoding = 4; lastKnownFileType = sourcecode.swift; path = IncomingFriendRequestCell.swift; sourceTree = "<group>"; };
		F165BC521BC613E900AA9248 /* OutgoingFriendRequestCell.swift */ = {isa = PBXFileReference; fileEncoding = 4; lastKnownFileType = sourcecode.swift; path = OutgoingFriendRequestCell.swift; sourceTree = "<group>"; };
		F16C613A1BB222EF00703782 /* Event.swift */ = {isa = PBXFileReference; fileEncoding = 4; lastKnownFileType = sourcecode.swift; path = Event.swift; sourceTree = "<group>"; };
		F16C613D1BB30A0100703782 /* UIView+Shadow.h */ = {isa = PBXFileReference; fileEncoding = 4; lastKnownFileType = sourcecode.c.h; path = "UIView+Shadow.h"; sourceTree = "<group>"; };
		F16C613E1BB30A0100703782 /* UIView+Shadow.m */ = {isa = PBXFileReference; fileEncoding = 4; lastKnownFileType = sourcecode.c.objc; path = "UIView+Shadow.m"; sourceTree = "<group>"; };
		F1827F6F1BC35E08002ECB64 /* SynchronizationManager.swift */ = {isa = PBXFileReference; fileEncoding = 4; lastKnownFileType = sourcecode.swift; name = SynchronizationManager.swift; path = Other/SynchronizationManager.swift; sourceTree = "<group>"; };
		F184D2681BA4F54E00D6129F /* SelectCalendarViewController.swift */ = {isa = PBXFileReference; fileEncoding = 4; lastKnownFileType = sourcecode.swift; path = SelectCalendarViewController.swift; sourceTree = "<group>"; };
		F197BFD21BAA043E00DEDE0D /* EHSynchronizable.swift */ = {isa = PBXFileReference; fileEncoding = 4; lastKnownFileType = sourcecode.swift; path = EHSynchronizable.swift; sourceTree = "<group>"; };
		F1B343611B9BBFAE00EED205 /* CIColorExtension.swift */ = {isa = PBXFileReference; fileEncoding = 4; lastKnownFileType = sourcecode.swift; path = CIColorExtension.swift; sourceTree = "<group>"; };
		F1B343621B9BBFAE00EED205 /* Info.plist */ = {isa = PBXFileReference; fileEncoding = 4; lastKnownFileType = text.plist.xml; path = Info.plist; sourceTree = "<group>"; };
		F1B343631B9BBFAE00EED205 /* QRCode.h */ = {isa = PBXFileReference; fileEncoding = 4; lastKnownFileType = sourcecode.c.h; path = QRCode.h; sourceTree = "<group>"; };
		F1B343641B9BBFAE00EED205 /* QRCode.swift */ = {isa = PBXFileReference; fileEncoding = 4; lastKnownFileType = sourcecode.swift; path = QRCode.swift; sourceTree = "<group>"; };
		F1B343651B9BBFAE00EED205 /* UIImageViewExtension.swift */ = {isa = PBXFileReference; fileEncoding = 4; lastKnownFileType = sourcecode.swift; path = UIImageViewExtension.swift; sourceTree = "<group>"; };
		F1BA03081B570AA200DEF9C5 /* LoginViewController.swift */ = {isa = PBXFileReference; fileEncoding = 4; lastKnownFileType = sourcecode.swift; path = LoginViewController.swift; sourceTree = "<group>"; };
		F1BA030A1B570BFC00DEF9C5 /* System.swift */ = {isa = PBXFileReference; fileEncoding = 4; lastKnownFileType = sourcecode.swift; path = System.swift; sourceTree = "<group>"; };
		F1C598BB1A81C7220081DA9E /* AppUser.swift */ = {isa = PBXFileReference; fileEncoding = 4; lastKnownFileType = sourcecode.swift; path = AppUser.swift; sourceTree = "<group>"; };
		F1CA00B81BB20CD90050D710 /* MultiSelectSegmentedControl.h */ = {isa = PBXFileReference; fileEncoding = 4; lastKnownFileType = sourcecode.c.h; name = MultiSelectSegmentedControl.h; path = MultiSelectSegmentedControl/MultiSelectSegmentedControl.h; sourceTree = "<group>"; };
		F1CA00B91BB20CD90050D710 /* MultiSelectSegmentedControl.m */ = {isa = PBXFileReference; fileEncoding = 4; lastKnownFileType = sourcecode.c.objc; name = MultiSelectSegmentedControl.m; path = MultiSelectSegmentedControl/MultiSelectSegmentedControl.m; sourceTree = "<group>"; };
		F1EEBAF21B9931C90004291F /* globalStrings.strings */ = {isa = PBXFileReference; fileEncoding = 4; lastKnownFileType = text.plist.strings; name = globalStrings.strings; path = enHueco/globalStrings.strings; sourceTree = SOURCE_ROOT; };
		F1F54B311B9CE1470087C30E /* InGapFriendCell.swift */ = {isa = PBXFileReference; fileEncoding = 4; lastKnownFileType = sourcecode.swift; path = InGapFriendCell.swift; sourceTree = "<group>"; };
		F1F54B331B9D03340087C30E /* ExtensionsAndUtilities.swift */ = {isa = PBXFileReference; fileEncoding = 4; lastKnownFileType = sourcecode.swift; name = ExtensionsAndUtilities.swift; path = Other/ExtensionsAndUtilities.swift; sourceTree = "<group>"; };
		F1FAFF9C1B9FBAFB00E8CCDD /* GapCell.swift */ = {isa = PBXFileReference; fileEncoding = 4; lastKnownFileType = sourcecode.swift; path = GapCell.swift; sourceTree = "<group>"; };
		F1FAFF9E1B9FBB8000E8CCDD /* GapsViewController.swift */ = {isa = PBXFileReference; fileEncoding = 4; lastKnownFileType = sourcecode.swift; path = GapsViewController.swift; sourceTree = "<group>"; };
		F1FAFFA01B9FD49700E8CCDD /* AddViewGapViewController.swift */ = {isa = PBXFileReference; fileEncoding = 4; lastKnownFileType = sourcecode.swift; path = AddViewGapViewController.swift; sourceTree = "<group>"; };
		F1FAFFA21B9FE28600E8CCDD /* FriendDetailViewController.swift */ = {isa = PBXFileReference; fileEncoding = 4; lastKnownFileType = sourcecode.swift; path = FriendDetailViewController.swift; sourceTree = "<group>"; };
/* End PBXFileReference section */

/* Begin PBXFrameworksBuildPhase section */
		F1229BD31A74947200C4FDE2 /* Frameworks */ = {
			isa = PBXFrameworksBuildPhase;
			buildActionMask = 2147483647;
			files = (
				F11B02021BA5226F00ADD580 /* QuartzCore.framework in Frameworks */,
				F11B02001BA5226A00ADD580 /* MapKit.framework in Frameworks */,
				7C45B5F126167956BBDA2144 /* libPods.a in Frameworks */,
			);
			runOnlyForDeploymentPostprocessing = 0;
		};
		F1229BEB1A74947200C4FDE2 /* Frameworks */ = {
			isa = PBXFrameworksBuildPhase;
			buildActionMask = 2147483647;
			files = (
				6C23AD65ED86B332C367CF8C /* (null) in Frameworks */,
			);
			runOnlyForDeploymentPostprocessing = 0;
		};
/* End PBXFrameworksBuildPhase section */

/* Begin PBXGroup section */
		7925AF665DEA52F357FF8A87 /* Frameworks */ = {
			isa = PBXGroup;
			children = (
				F119309C1BB7AFD70031EB58 /* UIImage+ImageEffects.h */,
				F119309D1BB7AFD70031EB58 /* UIImage+ImageEffects.m */,
				F16C613C1BB309F600703782 /* UIView+Shadow */,
				F1CA00B41BB20C900050D710 /* MultiSelectSegmentedControl */,
				F11B02031BA5238900ADD580 /* Tapku */,
				F11B02011BA5226F00ADD580 /* QuartzCore.framework */,
				F11B01FF1BA5226A00ADD580 /* MapKit.framework */,
				F14A72BC1BA3786700D70BD1 /* AutoCoding */,
				F1B343601B9BBFAE00EED205 /* QRCode */,
				F10FCDF91A801EAD0011CD62 /* libPods-SwiftHTTP.a */,
				0F782758D75200AB0BA9BB83 /* libPods.a */,
			);
			name = Frameworks;
			sourceTree = "<group>";
		};
		DD1796788F747C50B1E7DB40 /* Pods */ = {
			isa = PBXGroup;
			children = (
				2D4B3B9D0DC94DB4A2EE2562 /* Pods.debug.xcconfig */,
				0B9D2A664916D69DF79667B4 /* Pods.release.xcconfig */,
			);
			name = Pods;
			sourceTree = "<group>";
		};
		F1179E711B9BB5F500B04400 /* Cells */ = {
			isa = PBXGroup;
			children = (
				F1229C2A1A7495A200C4FDE2 /* FriendsCell.swift */,
				F1F54B311B9CE1470087C30E /* InGapFriendCell.swift */,
				F1FAFF9C1B9FBAFB00E8CCDD /* GapCell.swift */,
				F165BC4A1BC6060600AA9248 /* SearchFriendCell.swift */,
				F165BC501BC6123400AA9248 /* IncomingFriendRequestCell.swift */,
				F165BC521BC613E900AA9248 /* OutgoingFriendRequestCell.swift */,
			);
			name = Cells;
			sourceTree = "<group>";
		};
		F11B02031BA5238900ADD580 /* Tapku */ = {
			isa = PBXGroup;
			children = (
				F11B02391BA529E700ADD580 /* Core */,
				F11B021C1BA523BA00ADD580 /* Calendar */,
			);
			name = Tapku;
			sourceTree = "<group>";
		};
		F11B021C1BA523BA00ADD580 /* Calendar */ = {
			isa = PBXGroup;
			children = (
				F11B021D1BA523C500ADD580 /* Day */,
			);
			name = Calendar;
			sourceTree = "<group>";
		};
		F11B021D1BA523C500ADD580 /* Day */ = {
			isa = PBXGroup;
			children = (
				F11B02301BA5241200ADD580 /* TKCalendarDayEventView.h */,
				F11B02311BA5241200ADD580 /* TKCalendarDayEventView.m */,
				F11B02321BA5241200ADD580 /* TKCalendarDayView.h */,
				F11B02331BA5241200ADD580 /* TKCalendarDayView.m */,
				F11B02341BA5241200ADD580 /* TKCalendarDayViewController.h */,
				F11B02351BA5241200ADD580 /* TKCalendarDayViewController.m */,
				F11B03551BA52BB400ADD580 /* TKGradientView.h */,
				F11B03561BA52BB400ADD580 /* TKGradientView.m */,
				F11B03581BA52BBE00ADD580 /* UIColor+TKCategory.h */,
				F11B03591BA52BBE00ADD580 /* UIColor+TKCategory.m */,
				F11B035A1BA52BBE00ADD580 /* UIDevice+TKCategory.h */,
				F11B035B1BA52BBE00ADD580 /* UIDevice+TKCategory.m */,
				F11B035E1BA52BCA00ADD580 /* UIView+TKCategory.h */,
				F11B035F1BA52BCA00ADD580 /* UIView+TKCategory.m */,
				F11B03611BA52BD200ADD580 /* UIScreen+TKCategory.h */,
				F11B03621BA52BD200ADD580 /* UIScreen+TKCategory.m */,
				F11B03641BA52BD900ADD580 /* UILabel+TKCategory.h */,
				F11B03651BA52BD900ADD580 /* UILabel+TKCategory.m */,
			);
			name = Day;
			sourceTree = "<group>";
		};
		F11B02391BA529E700ADD580 /* Core */ = {
			isa = PBXGroup;
			children = (
				F11B034C1BA52B5600ADD580 /* NSDate+TKCategory.h */,
				F11B034D1BA52B5600ADD580 /* NSDate+TKCategory.m */,
				F11B034F1BA52B9D00ADD580 /* UIImage+TKCategory.h */,
				F11B03501BA52B9D00ADD580 /* UIImage+TKCategory.m */,
				F11B03521BA52BAD00ADD580 /* TKGlobal.h */,
				F11B03531BA52BAD00ADD580 /* TKGlobal.m */,
			);
			name = Core;
			sourceTree = "<group>";
		};
		F1229BCD1A74947200C4FDE2 = {
			isa = PBXGroup;
			children = (
				F1229BD81A74947200C4FDE2 /* enHueco */,
				F1229BF11A74947200C4FDE2 /* enHuecoTests */,
				F1229BD71A74947200C4FDE2 /* Products */,
				7925AF665DEA52F357FF8A87 /* Frameworks */,
				DD1796788F747C50B1E7DB40 /* Pods */,
			);
			sourceTree = "<group>";
		};
		F1229BD71A74947200C4FDE2 /* Products */ = {
			isa = PBXGroup;
			children = (
				F1229BD61A74947200C4FDE2 /* enHueco.app */,
				F1229BEE1A74947200C4FDE2 /* enHuecoTests.xctest */,
			);
			name = Products;
			sourceTree = "<group>";
		};
		F1229BD81A74947200C4FDE2 /* enHueco */ = {
			isa = PBXGroup;
			children = (
				F1229C361A7495A200C4FDE2 /* enHueco-Bridging-Header.h */,
				F1EEBAF21B9931C90004291F /* globalStrings.strings */,
				F1229BDB1A74947200C4FDE2 /* AppDelegate.swift */,
				F1229C371A7495A200C4FDE2 /* Controllers */,
				F1229C2C1A7495A200C4FDE2 /* Model */,
				F1229BD91A74947200C4FDE2 /* Supporting Files */,
				F1229C231A7495A200C4FDE2 /* Views */,
			);
			path = enHueco;
			sourceTree = "<group>";
		};
		F1229BD91A74947200C4FDE2 /* Supporting Files */ = {
			isa = PBXGroup;
			children = (
				F1229BDA1A74947200C4FDE2 /* Info.plist */,
			);
			name = "Supporting Files";
			sourceTree = "<group>";
		};
		F1229BF11A74947200C4FDE2 /* enHuecoTests */ = {
			isa = PBXGroup;
			children = (
				F1229BF41A74947200C4FDE2 /* enHuecoTests.swift */,
				F1229BF21A74947200C4FDE2 /* Supporting Files */,
			);
			path = enHuecoTests;
			sourceTree = "<group>";
		};
		F1229BF21A74947200C4FDE2 /* Supporting Files */ = {
			isa = PBXGroup;
			children = (
				F1229BF31A74947200C4FDE2 /* Info.plist */,
			);
			name = "Supporting Files";
			sourceTree = "<group>";
		};
		F1229C231A7495A200C4FDE2 /* Views */ = {
			isa = PBXGroup;
			children = (
				F1179E711B9BB5F500B04400 /* Cells */,
				F1229C241A7495A200C4FDE2 /* LaunchScreen.xib */,
				F1229C261A7495A200C4FDE2 /* Main.storyboard */,
				F1229C281A7495A200C4FDE2 /* Default-568h@2x.png */,
				F1229C291A7495A200C4FDE2 /* EnHuecoNowCollectionViewCell.swift */,
				F1229C2B1A7495A200C4FDE2 /* Images.xcassets */,
				F11D6FA31BA3BE1500206B9A /* Colors.swift */,
			);
			path = Views;
			sourceTree = "<group>";
		};
		F1229C2C1A7495A200C4FDE2 /* Model */ = {
			isa = PBXGroup;
			children = (
				F1827F6D1BC35D91002ECB64 /* Main Classes */,
				F1827F6E1BC35DAC002ECB64 /* Other */,
			);
			name = Model;
			path = Models;
			sourceTree = "<group>";
		};
		F1229C371A7495A200C4FDE2 /* Controllers */ = {
			isa = PBXGroup;
			children = (
				F1179E671B9BA8CA00B04400 /* MainTabBarViewController.swift */,
				F1179E6D1B9BB3F100B04400 /* InGapViewController.swift */,
				F1179E691B9BB10C00B04400 /* FriendsViewController.swift */,
				F1FAFFA21B9FE28600E8CCDD /* FriendDetailViewController.swift */,
				F1179E6F1B9BB40800B04400 /* ProfileViewController.swift */,
				F1BA03081B570AA200DEF9C5 /* LoginViewController.swift */,
				F11E73401B94A6A000D3D3FA /* AddFriendByQRViewController.swift */,
				F1179E6B1B9BB1E000B04400 /* AddFriendViewController.swift */,
				F1FAFF9E1B9FBB8000E8CCDD /* GapsViewController.swift */,
				F1FAFFA01B9FD49700E8CCDD /* AddViewGapViewController.swift */,
				F11B03671BA5334C00ADD580 /* ScheduleViewController.swift */,
				F11B01D61BA520BB00ADD580 /* ScheduleCalendarViewController.swift */,
				F184D2681BA4F54E00D6129F /* SelectCalendarViewController.swift */,
				F119309F1BB84B570031EB58 /* ViewQRViewController.swift */,
				F165BC4C1BC6066400AA9248 /* SearchFriendViewController.swift */,
				F165BC4E1BC611A200AA9248 /* FriendRequestsViewController.swift */,
			);
			path = Controllers;
			sourceTree = "<group>";
		};
		F16C613C1BB309F600703782 /* UIView+Shadow */ = {
			isa = PBXGroup;
			children = (
				F16C613D1BB30A0100703782 /* UIView+Shadow.h */,
				F16C613E1BB30A0100703782 /* UIView+Shadow.m */,
			);
			name = "UIView+Shadow";
			sourceTree = "<group>";
		};
		F1827F6D1BC35D91002ECB64 /* Main Classes */ = {
			isa = PBXGroup;
			children = (
				F197BFD21BAA043E00DEDE0D /* EHSynchronizable.swift */,
				F1BA030A1B570BFC00DEF9C5 /* System.swift */,
				F1C598BB1A81C7220081DA9E /* AppUser.swift */,
				F113D1611B7CDD3A00325209 /* User.swift */,
				F113D1651B7CDD6200325209 /* Schedule.swift */,
				F113D1691B7CDDEB00325209 /* DaySchedule.swift */,
				F16C613A1BB222EF00703782 /* Event.swift */,
				F113D1631B7CDD4C00325209 /* Gap.swift */,
				F113D1671B7CDDA000325209 /* Class.swift */,
			);
			name = "Main Classes";
			sourceTree = "<group>";
		};
		F1827F6E1BC35DAC002ECB64 /* Other */ = {
			isa = PBXGroup;
			children = (
				F134AE5D1A800BB200E6E9AB /* EHURLS.swift */,
				F1229C351A7495A200C4FDE2 /* GlobalConstants.swift */,
				F1F54B331B9D03340087C30E /* ExtensionsAndUtilities.swift */,
				F1827F6F1BC35E08002ECB64 /* SynchronizationManager.swift */,
				F10FCDFB1A8020EC0011CD62 /* ConnectionManager.swift */,
			);
			name = Other;
			sourceTree = "<group>";
		};
		F1B343601B9BBFAE00EED205 /* QRCode */ = {
			isa = PBXGroup;
			children = (
				F1B343611B9BBFAE00EED205 /* CIColorExtension.swift */,
				F1B343621B9BBFAE00EED205 /* Info.plist */,
				F1B343631B9BBFAE00EED205 /* QRCode.h */,
				F1B343641B9BBFAE00EED205 /* QRCode.swift */,
				F1B343651B9BBFAE00EED205 /* UIImageViewExtension.swift */,
			);
			path = QRCode;
			sourceTree = "<group>";
		};
		F1CA00B41BB20C900050D710 /* MultiSelectSegmentedControl */ = {
			isa = PBXGroup;
			children = (
				F1CA00B81BB20CD90050D710 /* MultiSelectSegmentedControl.h */,
				F1CA00B91BB20CD90050D710 /* MultiSelectSegmentedControl.m */,
			);
			name = MultiSelectSegmentedControl;
			sourceTree = "<group>";
		};
/* End PBXGroup section */

/* Begin PBXNativeTarget section */
		F1229BD51A74947200C4FDE2 /* enHueco */ = {
			isa = PBXNativeTarget;
			buildConfigurationList = F1229BF81A74947200C4FDE2 /* Build configuration list for PBXNativeTarget "enHueco" */;
			buildPhases = (
				CFB18091F967DE92E2D20088 /* Check Pods Manifest.lock */,
				F1229BD21A74947200C4FDE2 /* Sources */,
				F1229BD31A74947200C4FDE2 /* Frameworks */,
				F1229BD41A74947200C4FDE2 /* Resources */,
				0B79295842BD16B663ED9488 /* Copy Pods Resources */,
			);
			buildRules = (
			);
			dependencies = (
			);
			name = enHueco;
			productName = enHueco;
			productReference = F1229BD61A74947200C4FDE2 /* enHueco.app */;
			productType = "com.apple.product-type.application";
		};
		F1229BED1A74947200C4FDE2 /* enHuecoTests */ = {
			isa = PBXNativeTarget;
			buildConfigurationList = F1229BFB1A74947200C4FDE2 /* Build configuration list for PBXNativeTarget "enHuecoTests" */;
			buildPhases = (
				F1229BEA1A74947200C4FDE2 /* Sources */,
				F1229BEB1A74947200C4FDE2 /* Frameworks */,
				F1229BEC1A74947200C4FDE2 /* Resources */,
			);
			buildRules = (
			);
			dependencies = (
				F1229BF01A74947200C4FDE2 /* PBXTargetDependency */,
			);
			name = enHuecoTests;
			productName = enHuecoTests;
			productReference = F1229BEE1A74947200C4FDE2 /* enHuecoTests.xctest */;
			productType = "com.apple.product-type.bundle.unit-test";
		};
/* End PBXNativeTarget section */

/* Begin PBXProject section */
		F1229BCE1A74947200C4FDE2 /* Project object */ = {
			isa = PBXProject;
			attributes = {
				LastSwiftMigration = 0700;
				LastSwiftUpdateCheck = 0700;
				LastUpgradeCheck = 0700;
				ORGANIZATIONNAME = "Diego Gómez";
				TargetAttributes = {
					F1229BD51A74947200C4FDE2 = {
						CreatedOnToolsVersion = 6.1.1;
						DevelopmentTeam = 29G7CN67XL;
					};
					F1229BED1A74947200C4FDE2 = {
						CreatedOnToolsVersion = 6.1.1;
						DevelopmentTeam = 29G7CN67XL;
						TestTargetID = F1229BD51A74947200C4FDE2;
					};
				};
			};
			buildConfigurationList = F1229BD11A74947200C4FDE2 /* Build configuration list for PBXProject "enHueco" */;
			compatibilityVersion = "Xcode 3.2";
			developmentRegion = English;
			hasScannedForEncodings = 0;
			knownRegions = (
				en,
				Base,
			);
			mainGroup = F1229BCD1A74947200C4FDE2;
			productRefGroup = F1229BD71A74947200C4FDE2 /* Products */;
			projectDirPath = "";
			projectRoot = "";
			targets = (
				F1229BD51A74947200C4FDE2 /* enHueco */,
				F1229BED1A74947200C4FDE2 /* enHuecoTests */,
			);
		};
/* End PBXProject section */

/* Begin PBXResourcesBuildPhase section */
		F1229BD41A74947200C4FDE2 /* Resources */ = {
			isa = PBXResourcesBuildPhase;
			buildActionMask = 2147483647;
			files = (
				F1EEBAF31B9931C90004291F /* globalStrings.strings in Resources */,
				F1229C471A7495A200C4FDE2 /* Images.xcassets in Resources */,
				F1B343671B9BBFAE00EED205 /* Info.plist in Resources */,
				F1229C441A7495A200C4FDE2 /* Default-568h@2x.png in Resources */,
				F1229C431A7495A200C4FDE2 /* Main.storyboard in Resources */,
				F1229C421A7495A200C4FDE2 /* LaunchScreen.xib in Resources */,
				F14A72BD1BA3786700D70BD1 /* AutoCoding in Resources */,
			);
			runOnlyForDeploymentPostprocessing = 0;
		};
		F1229BEC1A74947200C4FDE2 /* Resources */ = {
			isa = PBXResourcesBuildPhase;
			buildActionMask = 2147483647;
			files = (
			);
			runOnlyForDeploymentPostprocessing = 0;
		};
/* End PBXResourcesBuildPhase section */

/* Begin PBXShellScriptBuildPhase section */
		0B79295842BD16B663ED9488 /* Copy Pods Resources */ = {
			isa = PBXShellScriptBuildPhase;
			buildActionMask = 2147483647;
			files = (
			);
			inputPaths = (
			);
			name = "Copy Pods Resources";
			outputPaths = (
			);
			runOnlyForDeploymentPostprocessing = 0;
			shellPath = /bin/sh;
			shellScript = "\"${SRCROOT}/Pods/Target Support Files/Pods/Pods-resources.sh\"\n";
			showEnvVarsInLog = 0;
		};
		CFB18091F967DE92E2D20088 /* Check Pods Manifest.lock */ = {
			isa = PBXShellScriptBuildPhase;
			buildActionMask = 2147483647;
			files = (
			);
			inputPaths = (
			);
			name = "Check Pods Manifest.lock";
			outputPaths = (
			);
			runOnlyForDeploymentPostprocessing = 0;
			shellPath = /bin/sh;
			shellScript = "diff \"${PODS_ROOT}/../Podfile.lock\" \"${PODS_ROOT}/Manifest.lock\" > /dev/null\nif [[ $? != 0 ]] ; then\n    cat << EOM\nerror: The sandbox is not in sync with the Podfile.lock. Run 'pod install' or update your CocoaPods installation.\nEOM\n    exit 1\nfi\n";
			showEnvVarsInLog = 0;
		};
/* End PBXShellScriptBuildPhase section */

/* Begin PBXSourcesBuildPhase section */
		F1229BD21A74947200C4FDE2 /* Sources */ = {
			isa = PBXSourcesBuildPhase;
			buildActionMask = 2147483647;
			files = (
				F1FAFF9D1B9FBAFB00E8CCDD /* GapCell.swift in Sources */,
				F11D6FA41BA3BE1500206B9A /* Colors.swift in Sources */,
				F1BA03091B570AA200DEF9C5 /* LoginViewController.swift in Sources */,
				F113D16A1B7CDDEB00325209 /* DaySchedule.swift in Sources */,
				F1179E701B9BB40800B04400 /* ProfileViewController.swift in Sources */,
				F113D1621B7CDD3A00325209 /* User.swift in Sources */,
				F11B03511BA52B9D00ADD580 /* UIImage+TKCategory.m in Sources */,
				F165BC4B1BC6060600AA9248 /* SearchFriendCell.swift in Sources */,
				F11B03681BA5334C00ADD580 /* ScheduleViewController.swift in Sources */,
				F11B03661BA52BD900ADD580 /* UILabel+TKCategory.m in Sources */,
				F11E73411B94A6A000D3D3FA /* AddFriendByQRViewController.swift in Sources */,
				F1179E6A1B9BB10C00B04400 /* FriendsViewController.swift in Sources */,
				F1BA030B1B570BFC00DEF9C5 /* System.swift in Sources */,
				F11B01D71BA520BB00ADD580 /* ScheduleCalendarViewController.swift in Sources */,
				F11B03571BA52BB400ADD580 /* TKGradientView.m in Sources */,
				F11930A01BB84B570031EB58 /* ViewQRViewController.swift in Sources */,
				F11B034E1BA52B5600ADD580 /* NSDate+TKCategory.m in Sources */,
				F165BC531BC613E900AA9248 /* OutgoingFriendRequestCell.swift in Sources */,
				F11B03541BA52BAD00ADD580 /* TKGlobal.m in Sources */,
				F1B343681B9BBFAE00EED205 /* QRCode.swift in Sources */,
				F1FAFFA11B9FD49700E8CCDD /* AddViewGapViewController.swift in Sources */,
				F134AE5E1A800BB200E6E9AB /* EHURLS.swift in Sources */,
				F113D1661B7CDD6200325209 /* Schedule.swift in Sources */,
				F11B02361BA5241200ADD580 /* TKCalendarDayEventView.m in Sources */,
				F11B03601BA52BCA00ADD580 /* UIView+TKCategory.m in Sources */,
				F184D2691BA4F54E00D6129F /* SelectCalendarViewController.swift in Sources */,
				F1179E681B9BA8CA00B04400 /* MainTabBarViewController.swift in Sources */,
				F1179E6E1B9BB3F100B04400 /* InGapViewController.swift in Sources */,
				F1FAFF9F1B9FBB8000E8CCDD /* GapsViewController.swift in Sources */,
				F1229C461A7495A200C4FDE2 /* FriendsCell.swift in Sources */,
				F11B03631BA52BD200ADD580 /* UIScreen+TKCategory.m in Sources */,
				F197BFD31BAA043E00DEDE0D /* EHSynchronizable.swift in Sources */,
				F165BC4F1BC611A200AA9248 /* FriendRequestsViewController.swift in Sources */,
				F1B343691B9BBFAE00EED205 /* UIImageViewExtension.swift in Sources */,
				F10FCDFC1A8020EC0011CD62 /* ConnectionManager.swift in Sources */,
				F1CA00BA1BB20CD90050D710 /* MultiSelectSegmentedControl.m in Sources */,
				F1229C4F1A7495A200C4FDE2 /* GlobalConstants.swift in Sources */,
				F11B035D1BA52BBE00ADD580 /* UIDevice+TKCategory.m in Sources */,
				F1B343661B9BBFAE00EED205 /* CIColorExtension.swift in Sources */,
				F1179E6C1B9BB1E000B04400 /* AddFriendViewController.swift in Sources */,
				F1229BDC1A74947200C4FDE2 /* AppDelegate.swift in Sources */,
				F11B035C1BA52BBE00ADD580 /* UIColor+TKCategory.m in Sources */,
				F165BC4D1BC6066400AA9248 /* SearchFriendViewController.swift in Sources */,
				F1C598BC1A81C7220081DA9E /* AppUser.swift in Sources */,
				F165BC511BC6123400AA9248 /* IncomingFriendRequestCell.swift in Sources */,
				F16C613B1BB222EF00703782 /* Event.swift in Sources */,
				F1FAFFA31B9FE28600E8CCDD /* FriendDetailViewController.swift in Sources */,
				F16C613F1BB30A0100703782 /* UIView+Shadow.m in Sources */,
				F1F54B341B9D03340087C30E /* ExtensionsAndUtilities.swift in Sources */,
				F1827F701BC35E08002ECB64 /* SynchronizationManager.swift in Sources */,
				F1229C451A7495A200C4FDE2 /* EnHuecoNowCollectionViewCell.swift in Sources */,
				F113D1681B7CDDA000325209 /* Class.swift in Sources */,
				F113D1641B7CDD4C00325209 /* Gap.swift in Sources */,
				F11B02371BA5241200ADD580 /* TKCalendarDayView.m in Sources */,
				F11B02381BA5241200ADD580 /* TKCalendarDayViewController.m in Sources */,
				F1F54B321B9CE1470087C30E /* InGapFriendCell.swift in Sources */,
				F119309E1BB7AFD70031EB58 /* UIImage+ImageEffects.m in Sources */,
			);
			runOnlyForDeploymentPostprocessing = 0;
		};
		F1229BEA1A74947200C4FDE2 /* Sources */ = {
			isa = PBXSourcesBuildPhase;
			buildActionMask = 2147483647;
			files = (
				F1229BF51A74947200C4FDE2 /* enHuecoTests.swift in Sources */,
			);
			runOnlyForDeploymentPostprocessing = 0;
		};
/* End PBXSourcesBuildPhase section */

/* Begin PBXTargetDependency section */
		F1229BF01A74947200C4FDE2 /* PBXTargetDependency */ = {
			isa = PBXTargetDependency;
			target = F1229BD51A74947200C4FDE2 /* enHueco */;
			targetProxy = F1229BEF1A74947200C4FDE2 /* PBXContainerItemProxy */;
		};
/* End PBXTargetDependency section */

/* Begin PBXVariantGroup section */
		F1229C241A7495A200C4FDE2 /* LaunchScreen.xib */ = {
			isa = PBXVariantGroup;
			children = (
				F1229C251A7495A200C4FDE2 /* Base */,
			);
			name = LaunchScreen.xib;
			sourceTree = "<group>";
		};
		F1229C261A7495A200C4FDE2 /* Main.storyboard */ = {
			isa = PBXVariantGroup;
			children = (
				F1229C271A7495A200C4FDE2 /* Base */,
			);
			name = Main.storyboard;
			sourceTree = "<group>";
		};
/* End PBXVariantGroup section */

/* Begin XCBuildConfiguration section */
		F1229BF61A74947200C4FDE2 /* Debug */ = {
			isa = XCBuildConfiguration;
			buildSettings = {
				ALWAYS_SEARCH_USER_PATHS = NO;
				CLANG_CXX_LANGUAGE_STANDARD = "gnu++0x";
				CLANG_CXX_LIBRARY = "libc++";
				CLANG_ENABLE_MODULES = YES;
				CLANG_ENABLE_OBJC_ARC = YES;
				CLANG_WARN_BOOL_CONVERSION = YES;
				CLANG_WARN_CONSTANT_CONVERSION = YES;
				CLANG_WARN_DIRECT_OBJC_ISA_USAGE = YES_ERROR;
				CLANG_WARN_EMPTY_BODY = YES;
				CLANG_WARN_ENUM_CONVERSION = YES;
				CLANG_WARN_INT_CONVERSION = YES;
				CLANG_WARN_OBJC_ROOT_CLASS = YES_ERROR;
				CLANG_WARN_UNREACHABLE_CODE = YES;
				CLANG_WARN__DUPLICATE_METHOD_MATCH = YES;
				"CODE_SIGN_IDENTITY[sdk=iphoneos*]" = "iPhone Developer";
				COPY_PHASE_STRIP = NO;
				ENABLE_STRICT_OBJC_MSGSEND = YES;
				ENABLE_TESTABILITY = YES;
				GCC_C_LANGUAGE_STANDARD = gnu99;
				GCC_DYNAMIC_NO_PIC = NO;
				GCC_OPTIMIZATION_LEVEL = 0;
				GCC_PREPROCESSOR_DEFINITIONS = (
					"DEBUG=1",
					"$(inherited)",
				);
				GCC_SYMBOLS_PRIVATE_EXTERN = NO;
				GCC_WARN_64_TO_32_BIT_CONVERSION = YES;
				GCC_WARN_ABOUT_RETURN_TYPE = YES_ERROR;
				GCC_WARN_UNDECLARED_SELECTOR = YES;
				GCC_WARN_UNINITIALIZED_AUTOS = YES_AGGRESSIVE;
				GCC_WARN_UNUSED_FUNCTION = YES;
				GCC_WARN_UNUSED_VARIABLE = YES;
				IPHONEOS_DEPLOYMENT_TARGET = 8.1;
				MTL_ENABLE_DEBUG_INFO = YES;
				ONLY_ACTIVE_ARCH = YES;
				SDKROOT = iphoneos;
				SWIFT_OPTIMIZATION_LEVEL = "-Onone";
			};
			name = Debug;
		};
		F1229BF71A74947200C4FDE2 /* Release */ = {
			isa = XCBuildConfiguration;
			buildSettings = {
				ALWAYS_SEARCH_USER_PATHS = NO;
				CLANG_CXX_LANGUAGE_STANDARD = "gnu++0x";
				CLANG_CXX_LIBRARY = "libc++";
				CLANG_ENABLE_MODULES = YES;
				CLANG_ENABLE_OBJC_ARC = YES;
				CLANG_WARN_BOOL_CONVERSION = YES;
				CLANG_WARN_CONSTANT_CONVERSION = YES;
				CLANG_WARN_DIRECT_OBJC_ISA_USAGE = YES_ERROR;
				CLANG_WARN_EMPTY_BODY = YES;
				CLANG_WARN_ENUM_CONVERSION = YES;
				CLANG_WARN_INT_CONVERSION = YES;
				CLANG_WARN_OBJC_ROOT_CLASS = YES_ERROR;
				CLANG_WARN_UNREACHABLE_CODE = YES;
				CLANG_WARN__DUPLICATE_METHOD_MATCH = YES;
				"CODE_SIGN_IDENTITY[sdk=iphoneos*]" = "iPhone Developer";
				COPY_PHASE_STRIP = YES;
				ENABLE_NS_ASSERTIONS = NO;
				ENABLE_STRICT_OBJC_MSGSEND = YES;
				GCC_C_LANGUAGE_STANDARD = gnu99;
				GCC_WARN_64_TO_32_BIT_CONVERSION = YES;
				GCC_WARN_ABOUT_RETURN_TYPE = YES_ERROR;
				GCC_WARN_UNDECLARED_SELECTOR = YES;
				GCC_WARN_UNINITIALIZED_AUTOS = YES_AGGRESSIVE;
				GCC_WARN_UNUSED_FUNCTION = YES;
				GCC_WARN_UNUSED_VARIABLE = YES;
				IPHONEOS_DEPLOYMENT_TARGET = 8.1;
				MTL_ENABLE_DEBUG_INFO = NO;
				SDKROOT = iphoneos;
				VALIDATE_PRODUCT = YES;
			};
			name = Release;
		};
		F1229BF91A74947200C4FDE2 /* Debug */ = {
			isa = XCBuildConfiguration;
			baseConfigurationReference = 2D4B3B9D0DC94DB4A2EE2562 /* Pods.debug.xcconfig */;
			buildSettings = {
				ASSETCATALOG_COMPILER_APPICON_NAME = "AppIcon-1";
				CLANG_ENABLE_MODULES = YES;
				CODE_SIGN_IDENTITY = "iPhone Developer";
				"CODE_SIGN_IDENTITY[sdk=iphoneos*]" = "iPhone Developer";
				HEADER_SEARCH_PATHS = (
					"$(inherited)",
					"\"${PODS_ROOT}/Headers/Public\"",
					"\"${PODS_ROOT}/Headers/Public/MCSwipeTableViewCell\"",
					"\"${PODS_ROOT}/Headers/Public/MSCollectionViewCalendarLayout\"",
					"\"${PODS_ROOT}/Headers/Public/QRCodeReaderViewController\"",
					/Users/Diego/Developer/Libraries/Tapku/tapkulibrary/src,
				);
				INFOPLIST_FILE = enHueco/Info.plist;
				LD_RUNPATH_SEARCH_PATHS = "$(inherited) @executable_path/Frameworks";
				LIBRARY_SEARCH_PATHS = (
					"$(inherited)",
					"$(PROJECT_DIR)/Pods/build/Debug-iphoneos",
				);
				PRODUCT_BUNDLE_IDENTIFIER = deego.enHueco;
				PRODUCT_NAME = "$(TARGET_NAME)";
				PROVISIONING_PROFILE = "";
				SWIFT_OBJC_BRIDGING_HEADER = "enHueco/enHueco-Bridging-Header.h";
				SWIFT_OPTIMIZATION_LEVEL = "-Onone";
				TARGETED_DEVICE_FAMILY = 1;
				USER_HEADER_SEARCH_PATHS = "$(PROJECT_DIR)/**";
			};
			name = Debug;
		};
		F1229BFA1A74947200C4FDE2 /* Release */ = {
			isa = XCBuildConfiguration;
			baseConfigurationReference = 0B9D2A664916D69DF79667B4 /* Pods.release.xcconfig */;
			buildSettings = {
				ASSETCATALOG_COMPILER_APPICON_NAME = "AppIcon-1";
				CLANG_ENABLE_MODULES = YES;
				CODE_SIGN_IDENTITY = "iPhone Developer";
				"CODE_SIGN_IDENTITY[sdk=iphoneos*]" = "iPhone Developer";
				HEADER_SEARCH_PATHS = (
					"$(inherited)",
					"\"${PODS_ROOT}/Headers/Public\"",
					"\"${PODS_ROOT}/Headers/Public/MCSwipeTableViewCell\"",
					"\"${PODS_ROOT}/Headers/Public/MSCollectionViewCalendarLayout\"",
					"\"${PODS_ROOT}/Headers/Public/QRCodeReaderViewController\"",
					/Users/Diego/Developer/Libraries/Tapku/tapkulibrary/src,
				);
				INFOPLIST_FILE = enHueco/Info.plist;
				LD_RUNPATH_SEARCH_PATHS = "$(inherited) @executable_path/Frameworks";
				LIBRARY_SEARCH_PATHS = (
					"$(inherited)",
					"$(PROJECT_DIR)/Pods/build/Debug-iphoneos",
				);
				PRODUCT_BUNDLE_IDENTIFIER = deego.enHueco;
				PRODUCT_NAME = "$(TARGET_NAME)";
				PROVISIONING_PROFILE = "";
				SWIFT_OBJC_BRIDGING_HEADER = "enHueco/enHueco-Bridging-Header.h";
				TARGETED_DEVICE_FAMILY = 1;
				USER_HEADER_SEARCH_PATHS = "$(PROJECT_DIR)/**";
			};
			name = Release;
		};
		F1229BFC1A74947200C4FDE2 /* Debug */ = {
			isa = XCBuildConfiguration;
			buildSettings = {
				BUNDLE_LOADER = "$(TEST_HOST)";
				CODE_SIGN_IDENTITY = "iPhone Developer";
				"CODE_SIGN_IDENTITY[sdk=iphoneos*]" = "iPhone Developer";
				FRAMEWORK_SEARCH_PATHS = (
					"$(SDKROOT)/Developer/Library/Frameworks",
					"$(inherited)",
				);
				GCC_PREPROCESSOR_DEFINITIONS = (
					"DEBUG=1",
					"$(inherited)",
				);
				INFOPLIST_FILE = enHuecoTests/Info.plist;
				LD_RUNPATH_SEARCH_PATHS = "$(inherited) @executable_path/Frameworks @loader_path/Frameworks";
				PRODUCT_BUNDLE_IDENTIFIER = "deego.$(PRODUCT_NAME:rfc1034identifier)";
				PRODUCT_NAME = "$(TARGET_NAME)";
				PROVISIONING_PROFILE = "";
				TEST_HOST = "$(BUILT_PRODUCTS_DIR)/enHueco.app/enHueco";
			};
			name = Debug;
		};
		F1229BFD1A74947200C4FDE2 /* Release */ = {
			isa = XCBuildConfiguration;
			buildSettings = {
				BUNDLE_LOADER = "$(TEST_HOST)";
				CODE_SIGN_IDENTITY = "iPhone Developer";
				"CODE_SIGN_IDENTITY[sdk=iphoneos*]" = "iPhone Developer";
				FRAMEWORK_SEARCH_PATHS = (
					"$(SDKROOT)/Developer/Library/Frameworks",
					"$(inherited)",
				);
				INFOPLIST_FILE = enHuecoTests/Info.plist;
				LD_RUNPATH_SEARCH_PATHS = "$(inherited) @executable_path/Frameworks @loader_path/Frameworks";
				PRODUCT_BUNDLE_IDENTIFIER = "deego.$(PRODUCT_NAME:rfc1034identifier)";
				PRODUCT_NAME = "$(TARGET_NAME)";
				PROVISIONING_PROFILE = "";
				TEST_HOST = "$(BUILT_PRODUCTS_DIR)/enHueco.app/enHueco";
			};
			name = Release;
		};
/* End XCBuildConfiguration section */

/* Begin XCConfigurationList section */
		F1229BD11A74947200C4FDE2 /* Build configuration list for PBXProject "enHueco" */ = {
			isa = XCConfigurationList;
			buildConfigurations = (
				F1229BF61A74947200C4FDE2 /* Debug */,
				F1229BF71A74947200C4FDE2 /* Release */,
			);
			defaultConfigurationIsVisible = 0;
			defaultConfigurationName = Release;
		};
		F1229BF81A74947200C4FDE2 /* Build configuration list for PBXNativeTarget "enHueco" */ = {
			isa = XCConfigurationList;
			buildConfigurations = (
				F1229BF91A74947200C4FDE2 /* Debug */,
				F1229BFA1A74947200C4FDE2 /* Release */,
			);
			defaultConfigurationIsVisible = 0;
			defaultConfigurationName = Release;
		};
		F1229BFB1A74947200C4FDE2 /* Build configuration list for PBXNativeTarget "enHuecoTests" */ = {
			isa = XCConfigurationList;
			buildConfigurations = (
				F1229BFC1A74947200C4FDE2 /* Debug */,
				F1229BFD1A74947200C4FDE2 /* Release */,
			);
			defaultConfigurationIsVisible = 0;
			defaultConfigurationName = Release;
		};
/* End XCConfigurationList section */
	};
	rootObject = F1229BCE1A74947200C4FDE2 /* Project object */;
}
