PODS:
  - Alamofire (4.2.0)
  - APAddressBook (0.3.0):
    - APAddressBook/Core (= 0.3.0)
  - APAddressBook/Core (0.3.0)
  - ASBPlayerScrubbing (0.1)
  - ASMediaFocusManager (0.6):
    - ASBPlayerScrubbing (~> 0.1)
  - Bolts (1.8.4):
    - Bolts/AppLinks (= 1.8.4)
    - Bolts/Tasks (= 1.8.4)
  - Bolts/AppLinks (1.8.4):
    - Bolts/Tasks
  - Bolts/Tasks (1.8.4)
  - ChameleonFramework/Default (2.1.0)
  - ChameleonFramework/Swift (2.1.0):
    - ChameleonFramework/Default
  - Crashlytics (3.8.3):
    - Fabric (~> 1.6.3)
  - Fabric (1.6.11)
  - FBSDKCoreKit (4.18.0):
    - Bolts (~> 1.7)
  - FBSDKLoginKit (4.18.0):
    - FBSDKCoreKit
  - Firebase/Auth (3.10.0):
    - Firebase/Core
    - FirebaseAuth (= 3.0.6)
  - Firebase/Core (3.10.0):
    - FirebaseAnalytics (= 3.6.0)
    - FirebaseCore (= 3.4.5)
  - Firebase/Database (3.10.0):
    - Firebase/Core
    - FirebaseDatabase (= 3.1.1)
  - FirebaseAnalytics (3.6.0):
    - FirebaseCore (~> 3.4)
    - FirebaseInstanceID (~> 1.0)
    - GoogleInterchangeUtilities (~> 1.2)
    - GoogleSymbolUtilities (~> 1.1)
    - GoogleToolboxForMac/NSData+zlib (~> 2.1)
  - FirebaseAuth (3.0.6):
    - FirebaseAnalytics (~> 3.4)
    - GoogleToolboxForMac/NSDictionary+URLArguments (~> 2.1)
    - GTMSessionFetcher/Core (~> 1.1)
  - FirebaseCore (3.4.5):
    - GoogleInterchangeUtilities (~> 1.2)
    - GoogleToolboxForMac/NSData+zlib (~> 2.1)
  - FirebaseDatabase (3.1.1):
    - FirebaseAnalytics (~> 3.5)
  - FirebaseInstanceID (1.0.8)
  - Genome (3.0.2):
    - Genome/Default (= 3.0.2)
  - Genome/Core (3.0.2):
    - Genome/Packages
  - Genome/Default (3.0.2):
    - Genome/Core
    - Genome/Foundation
  - Genome/Foundation (3.0.2):
    - Genome/Core
  - Genome/Packages (3.0.2)
  - GoogleInterchangeUtilities (1.2.2):
    - GoogleSymbolUtilities (~> 1.1)
  - GoogleSymbolUtilities (1.1.2)
  - GoogleToolboxForMac/DebugUtils (2.1.0):
    - GoogleToolboxForMac/Defines (= 2.1.0)
  - GoogleToolboxForMac/Defines (2.1.0)
  - GoogleToolboxForMac/NSData+zlib (2.1.0):
    - GoogleToolboxForMac/Defines (= 2.1.0)
  - GoogleToolboxForMac/NSDictionary+URLArguments (2.1.0):
    - GoogleToolboxForMac/DebugUtils (= 2.1.0)
    - GoogleToolboxForMac/Defines (= 2.1.0)
    - GoogleToolboxForMac/NSString+URLArguments (= 2.1.0)
  - GoogleToolboxForMac/NSString+URLArguments (2.1.0)
  - GTMSessionFetcher/Core (1.1.7)
  - HexColors (2.3.0)
  - MRProgress (0.8.3):
    - MRProgress/ActivityIndicator (= 0.8.3)
    - MRProgress/Blur (= 0.8.3)
    - MRProgress/Circular (= 0.8.3)
    - MRProgress/Icons (= 0.8.3)
    - MRProgress/NavigationBarProgress (= 0.8.3)
    - MRProgress/Overlay (= 0.8.3)
  - MRProgress/ActivityIndicator (0.8.3):
    - MRProgress/Stopable
  - MRProgress/Blur (0.8.3):
    - MRProgress/Helper
  - MRProgress/Circular (0.8.3):
    - MRProgress/Helper
    - MRProgress/ProgressBaseClass
    - MRProgress/Stopable
  - MRProgress/Helper (0.8.3)
  - MRProgress/Icons (0.8.3)
  - MRProgress/NavigationBarProgress (0.8.3):
    - MRProgress/ProgressBaseClass
  - MRProgress/Overlay (0.8.3):
    - MRProgress/ActivityIndicator
    - MRProgress/Blur
    - MRProgress/Circular
    - MRProgress/Helper
    - MRProgress/Icons
  - MRProgress/ProgressBaseClass (0.8.3)
  - MRProgress/Stopable (0.8.3):
    - MRProgress/Helper
  - MultiSelectSegmentedControl (1.1.0)
  - PureLayout (3.0.2)
  - ReachabilitySwift (3)
  - RKNotificationHub (2.0.4)
  - RSKImageCropper (1.5.2)
  - SDWebImage (3.8.2):
    - SDWebImage/Core (= 3.8.2)
  - SDWebImage/Core (3.8.2)
  - SwiftGraph (1.2.0)
  - SwiftyJSON (3.1.3)
  - SWTableViewCell (0.3.7)
  - TapkuLibrary (0.3.8)
  - TSMessages (0.9.13):
    - HexColors (~> 2.3.0)

DEPENDENCIES:
  - Alamofire
  - APAddressBook
  - ASMediaFocusManager
  - ChameleonFramework/Swift (from `https://github.com/ViccAlexander/Chameleon.git`)
  - Crashlytics
  - Fabric
  - FBSDKCoreKit
  - FBSDKLoginKit
  - Firebase/Auth
  - Firebase/Database
  - Genome
  - MRProgress
  - MultiSelectSegmentedControl
  - PureLayout
  - ReachabilitySwift
  - RKNotificationHub
  - RSKImageCropper
  - SDWebImage
  - SwiftGraph
  - SwiftyJSON
  - SWTableViewCell
  - TapkuLibrary
  - TSMessages (from `https://github.com/KrauseFx/TSMessages.git`)

EXTERNAL SOURCES:
  ChameleonFramework:
    :git: https://github.com/ViccAlexander/Chameleon.git
  TSMessages:
    :git: https://github.com/KrauseFx/TSMessages.git

CHECKOUT OPTIONS:
  ChameleonFramework:
    :commit: dcf98f9bf3a632a7f40679b7da46f09681e48526
    :git: https://github.com/ViccAlexander/Chameleon.git
  TSMessages:
    :commit: 949e7559c60a8863f33c5fd2cbc55e8efbb4b53f
    :git: https://github.com/KrauseFx/TSMessages.git

SPEC CHECKSUMS:
  Alamofire: aa2e09d871c9160ac53c90e83c68064a94e3dfbe
  APAddressBook: 36cf22eb78d57dc53eb7f03d3d4a10af7e6b015d
  ASBPlayerScrubbing: 0fc5e76aad6fdbcf14380734fb7f2c127cd28b66
  ASMediaFocusManager: 564dc75d983e4e0dacf24855b5f8a7b4d4a9caec
  Bolts: 8a7995239dbe724f9cba2248b766d48b7ebdd322
  ChameleonFramework: d21a3cc247abfe5e37609a283a8238b03575cf64
  Crashlytics: 2b6dbe138a42395577cfa73dfa1aa7248cadf39e
  Fabric: 5911403591946b8228ab1c51d98f1d7137e863c6
  FBSDKCoreKit: 15fef8804a4629f98c6f4e55e81a76c9d725d85e
  FBSDKLoginKit: 6773073e970b2b15fb12e451ce7f11da0532b880
  Firebase: 387f37c7dca894a02708da9ff35ba147040eae9e
  FirebaseAnalytics: 9c67af0ebeb8d2146c9b4ea2616439affa947b58
  FirebaseAuth: 96e9674ff31d6e1f826d53e26aa003a57cab0295
  FirebaseCore: 1e383fdfe37b6b5d6ff88e84204bdee30276af0f
  FirebaseDatabase: 6de92187481ff0e8e124064f21742e95ee883b02
  FirebaseInstanceID: ba1e640935235e5fac39dfa816fe7660e72e1a8a
  Genome: 44584c1e971899a5a4b20ee87faee452a5f1ac1a
  GoogleInterchangeUtilities: d5bc4d88d5b661ab72f9d70c58d02ca8c27ad1f7
  GoogleSymbolUtilities: 631ee17048aa5e9ab133470d768ea997a5ef9b96
  GoogleToolboxForMac: 2b2596cbb7186865e98cadf2b1e262d851c2b168
  GTMSessionFetcher: a1f8ed39e4fe21c68957daed472c7afbcdf29166
  HexColors: 6ad3947c3447a055a3aa8efa859def096351fe5f
  MRProgress: 16de7cc9f347e8846797a770db102a323fe7ef09
  MultiSelectSegmentedControl: 54fb23c997b971eff621cfcf965ff1613d99c3d2
  PureLayout: 4d550abe49a94f24c2808b9b95db9131685fe4cd
  ReachabilitySwift: f5b9bb30a0777fac8f09ce8b067e32faeb29bb64
  RKNotificationHub: 3765424499139c3d3885b681bb0837f072d12ae6
  RSKImageCropper: 27d0e7efa800b509720163c3561fe08a04853780
  SDWebImage: 098e97e6176540799c27e804c96653ee0833d13c
  SwiftGraph: 887151185d72dd7d5479af3a46273065a573cd40
  SwiftyJSON: 38a8ea2006779c0fc4c310cb2ee8195327740faf
  SWTableViewCell: 2a94aadc9d47b2b611fa064566bf57948b95b579
  TapkuLibrary: 7a406dac46eff8595e191557eba88959f97f69b7
  TSMessages: eb3cf27b6900684a21bad4fe9ea426e287b8c839

PODFILE CHECKSUM: 3a12e367505a72fc2a351fc7389333771cc6621e

COCOAPODS: 1.1.0.rc.2
